EnergyTracer 92923fb62c5db21efa9e24997670fa4113b8567e https://github.com/Meamarian/EnergyTracer
Hybrid_P4_IFIP_WMNC_24 4738a4fae322a84b662bb9216f4bc982d5d92402 https://github.com/Meamarian/Hybrid_P4_IFIP_WMNC_24
GreenQUIC c065575b74d5833340a39ace149454e0aa53442f https://github.com/Meamarian/GreenQUIC
